
Microsoft Visual Studio Solution File, Format Version 12.00
# Visual Studio Version 17
VisualStudioVersion = 17.7.34003.232
MinimumVisualStudioVersion = 10.0.40219.1
Project("{FAE04EC0-301F-11D3-BF4B-00C04F79EFBC}") = "Task4", "Task4\Task4.csproj", "{838B2A0E-A281-4E1F-B593-EF45AA025ECA}"
EndProject
Global
	GlobalSection(SolutionConfigurationPlatforms) = preSolution
		Debug|Any CPU = Debug|Any CPU
		Release|Any CPU = Release|Any CPU
	EndGlobalSection
	GlobalSection(ProjectConfigurationPlatforms) = postSolution
		{838B2A0E-A281-4E1F-B593-EF45AA025ECA}.Debug|Any CPU.ActiveCfg = Debug|Any CPU
		{838B2A0E-A281-4E1F-B593-EF45AA025ECA}.Debug|Any CPU.Build.0 = Debug|Any CPU
		{838B2A0E-A281-4E1F-B593-EF45AA025ECA}.Release|Any CPU.ActiveCfg = Release|Any CPU
		{838B2A0E-A281-4E1F-B593-EF45AA025ECA}.Release|Any CPU.Build.0 = Release|Any CPU
	EndGlobalSection
	GlobalSection(SolutionProperties) = preSolution
		HideSolutionNode = FALSE
	EndGlobalSection
	GlobalSection(ExtensibilityGlobals) = postSolution
		SolutionGuid = {CDE28F13-DDD4-48C4-A292-A038FDD332E2}
	EndGlobalSection
EndGlobal
